
Microsoft Visual Studio Solution File, Format Version 12.00
# Visual Studio Version 17
VisualStudioVersion = 17.8.34330.188
MinimumVisualStudioVersion = 10.0.40219.1
Project("{FAE04EC0-301F-11D3-BF4B-00C04F79EFBC}") = "WebApiCrudCodeFirst", "WebApiCrudCodeFirst\WebApiCrudCodeFirst.csproj", "{344B7A77-208F-4DB3-B829-C28991148467}"
EndProject
Project("{FAE04EC0-301F-11D3-BF4B-00C04F79EFBC}") = "WebApiSimpCRUD", "WebApiSimpCRUD\WebApiSimpCRUD.csproj", "{D3066F95-D410-4384-80A4-08FB05B445D9}"
EndProject
Global
	GlobalSection(SolutionConfigurationPlatforms) = preSolution
		Debug|Any CPU = Debug|Any CPU
		Release|Any CPU = Release|Any CPU
	EndGlobalSection
	GlobalSection(ProjectConfigurationPlatforms) = postSolution
		{344B7A77-208F-4DB3-B829-C28991148467}.Debug|Any CPU.ActiveCfg = Debug|Any CPU
		{344B7A77-208F-4DB3-B829-C28991148467}.Debug|Any CPU.Build.0 = Debug|Any CPU
		{344B7A77-208F-4DB3-B829-C28991148467}.Release|Any CPU.ActiveCfg = Release|Any CPU
		{344B7A77-208F-4DB3-B829-C28991148467}.Release|Any CPU.Build.0 = Release|Any CPU
		{D3066F95-D410-4384-80A4-08FB05B445D9}.Debug|Any CPU.ActiveCfg = Debug|Any CPU
		{D3066F95-D410-4384-80A4-08FB05B445D9}.Debug|Any CPU.Build.0 = Debug|Any CPU
		{D3066F95-D410-4384-80A4-08FB05B445D9}.Release|Any CPU.ActiveCfg = Release|Any CPU
		{D3066F95-D410-4384-80A4-08FB05B445D9}.Release|Any CPU.Build.0 = Release|Any CPU
	EndGlobalSection
	GlobalSection(SolutionProperties) = preSolution
		HideSolutionNode = FALSE
	EndGlobalSection
	GlobalSection(ExtensibilityGlobals) = postSolution
		SolutionGuid = {172E725E-17F7-4BAA-A6A5-9593F543CB57}
	EndGlobalSection
EndGlobal
